// !$*UTF8*$!
{
	archiveVersion = 1;
	classes = {
	};
	objectVersion = 45;
	objects = {

/* Begin PBXBuildFile section */
		388BDEFE0F8AAD12004A22FD /* AQXMLParser.m in Sources */ = {isa = PBXBuildFile; fileRef = 388BDEFD0F8AAD12004A22FD /* AQXMLParser.m */; };
		388BDF010F8AAD5F004A22FD /* MemoryUsageLogger.m in Sources */ = {isa = PBXBuildFile; fileRef = 388BDF000F8AAD5F004A22FD /* MemoryUsageLogger.m */; };
		388BDF1B0F8AC591004A22FD /* AQXMLParserDelegate.m in Sources */ = {isa = PBXBuildFile; fileRef = 388BDF1A0F8AC591004A22FD /* AQXMLParserDelegate.m */; };
		388BDFA90F8ACD09004A22FD /* libxml2.dylib in Frameworks */ = {isa = PBXBuildFile; fileRef = 388BDFA80F8ACD09004A22FD /* libxml2.dylib */; };
		388BDFBD0F8ACDF8004A22FD /* CoreServices.framework in Frameworks */ = {isa = PBXBuildFile; fileRef = 388BDFBC0F8ACDF8004A22FD /* CoreServices.framework */; };
		64E1075015D34C0800DEB47F /* HTTPAuthentication.m in Sources */ = {isa = PBXBuildFile; fileRef = 64E1074A15D34C0800DEB47F /* HTTPAuthentication.m */; };
		64E1075115D34C0800DEB47F /* HTTPMessage.m in Sources */ = {isa = PBXBuildFile; fileRef = 64E1074C15D34C0800DEB47F /* HTTPMessage.m */; };
		64E1075215D34C0800DEB47F /* NSStream+HTTPMessage.m in Sources */ = {isa = PBXBuildFile; fileRef = 64E1074F15D34C0800DEB47F /* NSStream+HTTPMessage.m */; };
		64E1075D15D34C1B00DEB47F /* b64.m in Sources */ = {isa = PBXBuildFile; fileRef = 64E1075415D34C1B00DEB47F /* b64.m */; };
		64E1075E15D34C1B00DEB47F /* NSData+Base64.m in Sources */ = {isa = PBXBuildFile; fileRef = 64E1075615D34C1B00DEB47F /* NSData+Base64.m */; };
		64E1075F15D34C1B00DEB47F /* NSError+CFStreamError.m in Sources */ = {isa = PBXBuildFile; fileRef = 64E1075815D34C1B00DEB47F /* NSError+CFStreamError.m */; };
		64E1076015D34C1B00DEB47F /* NSObject+Properties.m in Sources */ = {isa = PBXBuildFile; fileRef = 64E1075A15D34C1B00DEB47F /* NSObject+Properties.m */; };
		64E1076115D34C1B00DEB47F /* NSString+PropertyKVC.m in Sources */ = {isa = PBXBuildFile; fileRef = 64E1075C15D34C1B00DEB47F /* NSString+PropertyKVC.m */; };
		64E1076615D34C2C00DEB47F /* AQXMLParserInternal.m in Sources */ = {isa = PBXBuildFile; fileRef = 64E1076315D34C2C00DEB47F /* AQXMLParserInternal.m */; };
		64E1076715D34C2C00DEB47F /* AQXMLParserWithTimeout.m in Sources */ = {isa = PBXBuildFile; fileRef = 64E1076515D34C2C00DEB47F /* AQXMLParserWithTimeout.m */; };
		8DD76F9A0486AA7600D96B5E /* ParserComparison.m in Sources */ = {isa = PBXBuildFile; fileRef = 08FB7796FE84155DC02AAC07 /* ParserComparison.m */; settings = {ATTRIBUTES = (); }; };
		8DD76F9C0486AA7600D96B5E /* Foundation.framework in Frameworks */ = {isa = PBXBuildFile; fileRef = 08FB779EFE84155DC02AAC07 /* Foundation.framework */; };
		8DD76F9F0486AA7600D96B5E /* ParserComparison.1 in CopyFiles */ = {isa = PBXBuildFile; fileRef = C6859EA3029092ED04C91782 /* ParserComparison.1 */; };
/* End PBXBuildFile section */

/* Begin PBXCopyFilesBuildPhase section */
		8DD76F9E0486AA7600D96B5E /* CopyFiles */ = {
			isa = PBXCopyFilesBuildPhase;
			buildActionMask = 8;
			dstPath = /usr/share/man/man1/;
			dstSubfolderSpec = 0;
			files = (
				8DD76F9F0486AA7600D96B5E /* ParserComparison.1 in CopyFiles */,
			);
			runOnlyForDeploymentPostprocessing = 1;
		};
/* End PBXCopyFilesBuildPhase section */

/* Begin PBXFileReference section */
		08FB7796FE84155DC02AAC07 /* ParserComparison.m */ = {isa = PBXFileReference; fileEncoding = 4; lastKnownFileType = sourcecode.c.objc; path = ParserComparison.m; sourceTree = "<group>"; };
		08FB779EFE84155DC02AAC07 /* Foundation.framework */ = {isa = PBXFileReference; lastKnownFileType = wrapper.framework; name = Foundation.framework; path = /System/Library/Frameworks/Foundation.framework; sourceTree = "<absolute>"; };
		32A70AAB03705E1F00C91783 /* ParserComparison_Prefix.pch */ = {isa = PBXFileReference; fileEncoding = 4; lastKnownFileType = sourcecode.c.h; path = ParserComparison_Prefix.pch; sourceTree = "<group>"; };
		3824D5860FBF3A5F00F8E12D /* iPhoneNonatomic.h */ = {isa = PBXFileReference; fileEncoding = 4; lastKnownFileType = sourcecode.c.h; name = iPhoneNonatomic.h; path = ../../iPhoneNonatomic.h; sourceTree = SOURCE_ROOT; };
		388BDEFC0F8AAD12004A22FD /* AQXMLParser.h */ = {isa = PBXFileReference; fileEncoding = 4; lastKnownFileType = sourcecode.c.h; path = AQXMLParser.h; sourceTree = "<group>"; };
		388BDEFD0F8AAD12004A22FD /* AQXMLParser.m */ = {isa = PBXFileReference; fileEncoding = 4; lastKnownFileType = sourcecode.c.objc; path = AQXMLParser.m; sourceTree = "<group>"; };
		388BDEFF0F8AAD5F004A22FD /* MemoryUsageLogger.h */ = {isa = PBXFileReference; fileEncoding = 4; lastKnownFileType = sourcecode.c.h; path = MemoryUsageLogger.h; sourceTree = "<group>"; };
		388BDF000F8AAD5F004A22FD /* MemoryUsageLogger.m */ = {isa = PBXFileReference; fileEncoding = 4; lastKnownFileType = sourcecode.c.objc; path = MemoryUsageLogger.m; sourceTree = "<group>"; };
		388BDF190F8AC591004A22FD /* AQXMLParserDelegate.h */ = {isa = PBXFileReference; fileEncoding = 4; lastKnownFileType = sourcecode.c.h; path = AQXMLParserDelegate.h; sourceTree = "<group>"; };
		388BDF1A0F8AC591004A22FD /* AQXMLParserDelegate.m */ = {isa = PBXFileReference; fileEncoding = 4; lastKnownFileType = sourcecode.c.objc; path = AQXMLParserDelegate.m; sourceTree = "<group>"; };
		388BDFA80F8ACD09004A22FD /* libxml2.dylib */ = {isa = PBXFileReference; lastKnownFileType = "compiled.mach-o.dylib"; name = libxml2.dylib; path = usr/lib/libxml2.dylib; sourceTree = SDKROOT; };
		388BDFBC0F8ACDF8004A22FD /* CoreServices.framework */ = {isa = PBXFileReference; lastKnownFileType = wrapper.framework; name = CoreServices.framework; path = System/Library/Frameworks/CoreServices.framework; sourceTree = SDKROOT; };
		64E1074915D34C0800DEB47F /* HTTPAuthentication.h */ = {isa = PBXFileReference; fileEncoding = 4; lastKnownFileType = sourcecode.c.h; name = HTTPAuthentication.h; path = ../../HTTPMessage/HTTPAuthentication.h; sourceTree = "<group>"; };
		64E1074A15D34C0800DEB47F /* HTTPAuthentication.m */ = {isa = PBXFileReference; fileEncoding = 4; lastKnownFileType = sourcecode.c.objc; name = HTTPAuthentication.m; path = ../../HTTPMessage/HTTPAuthentication.m; sourceTree = "<group>"; };
		64E1074B15D34C0800DEB47F /* HTTPMessage.h */ = {isa = PBXFileReference; fileEncoding = 4; lastKnownFileType = sourcecode.c.h; name = HTTPMessage.h; path = ../../HTTPMessage/HTTPMessage.h; sourceTree = "<group>"; };
		64E1074C15D34C0800DEB47F /* HTTPMessage.m */ = {isa = PBXFileReference; fileEncoding = 4; lastKnownFileType = sourcecode.c.objc; name = HTTPMessage.m; path = ../../HTTPMessage/HTTPMessage.m; sourceTree = "<group>"; };
		64E1074D15D34C0800DEB47F /* HTTPMessageInternalAccess.h */ = {isa = PBXFileReference; fileEncoding = 4; lastKnownFileType = sourcecode.c.h; name = HTTPMessageInternalAccess.h; path = ../../HTTPMessage/HTTPMessageInternalAccess.h; sourceTree = "<group>"; };
		64E1074E15D34C0800DEB47F /* NSStream+HTTPMessage.h */ = {isa = PBXFileReference; fileEncoding = 4; lastKnownFileType = sourcecode.c.h; name = "NSStream+HTTPMessage.h"; path = "../../HTTPMessage/NSStream+HTTPMessage.h"; sourceTree = "<group>"; };
		64E1074F15D34C0800DEB47F /* NSStream+HTTPMessage.m */ = {isa = PBXFileReference; fileEncoding = 4; lastKnownFileType = sourcecode.c.objc; name = "NSStream+HTTPMessage.m"; path = "../../HTTPMessage/NSStream+HTTPMessage.m"; sourceTree = "<group>"; };
		64E1075315D34C1B00DEB47F /* b64.h */ = {isa = PBXFileReference; fileEncoding = 4; lastKnownFileType = sourcecode.c.h; name = b64.h; path = ../../Extensions/b64.h; sourceTree = "<group>"; };
		64E1075415D34C1B00DEB47F /* b64.m */ = {isa = PBXFileReference; fileEncoding = 4; lastKnownFileType = sourcecode.c.objc; name = b64.m; path = ../../Extensions/b64.m; sourceTree = "<group>"; };
		64E1075515D34C1B00DEB47F /* NSData+Base64.h */ = {isa = PBXFileReference; fileEncoding = 4; lastKnownFileType = sourcecode.c.h; name = "NSData+Base64.h"; path = "../../Extensions/NSData+Base64.h"; sourceTree = "<group>"; };
		64E1075615D34C1B00DEB47F /* NSData+Base64.m */ = {isa = PBXFileReference; fileEncoding = 4; lastKnownFileType = sourcecode.c.objc; name = "NSData+Base64.m"; path = "../../Extensions/NSData+Base64.m"; sourceTree = "<group>"; };
		64E1075715D34C1B00DEB47F /* NSError+CFStreamError.h */ = {isa = PBXFileReference; fileEncoding = 4; lastKnownFileType = sourcecode.c.h; name = "NSError+CFStreamError.h"; path = "../../Extensions/NSError+CFStreamError.h"; sourceTree = "<group>"; };
		64E1075815D34C1B00DEB47F /* NSError+CFStreamError.m */ = {isa = PBXFileReference; fileEncoding = 4; lastKnownFileType = sourcecode.c.objc; name = "NSError+CFStreamError.m"; path = "../../Extensions/NSError+CFStreamError.m"; sourceTree = "<group>"; };
		64E1075915D34C1B00DEB47F /* NSObject+Properties.h */ = {isa = PBXFileReference; fileEncoding = 4; lastKnownFileType = sourcecode.c.h; name = "NSObject+Properties.h"; path = "../../Extensions/NSObject+Properties.h"; sourceTree = "<group>"; };
		64E1075A15D34C1B00DEB47F /* NSObject+Properties.m */ = {isa = PBXFileReference; fileEncoding = 4; lastKnownFileType = sourcecode.c.objc; name = "NSObject+Properties.m"; path = "../../Extensions/NSObject+Properties.m"; sourceTree = "<group>"; };
		64E1075B15D34C1B00DEB47F /* NSString+PropertyKVC.h */ = {isa = PBXFileReference; fileEncoding = 4; lastKnownFileType = sourcecode.c.h; name = "NSString+PropertyKVC.h"; path = "../../Extensions/NSString+PropertyKVC.h"; sourceTree = "<group>"; };
		64E1075C15D34C1B00DEB47F /* NSString+PropertyKVC.m */ = {isa = PBXFileReference; fileEncoding = 4; lastKnownFileType = sourcecode.c.objc; name = "NSString+PropertyKVC.m"; path = "../../Extensions/NSString+PropertyKVC.m"; sourceTree = "<group>"; };
		64E1076215D34C2C00DEB47F /* AQXMLParserInternal.h */ = {isa = PBXFileReference; fileEncoding = 4; lastKnownFileType = sourcecode.c.h; path = AQXMLParserInternal.h; sourceTree = "<group>"; };
		64E1076315D34C2C00DEB47F /* AQXMLParserInternal.m */ = {isa = PBXFileReference; fileEncoding = 4; lastKnownFileType = sourcecode.c.objc; path = AQXMLParserInternal.m; sourceTree = "<group>"; };
		64E1076415D34C2C00DEB47F /* AQXMLParserWithTimeout.h */ = {isa = PBXFileReference; fileEncoding = 4; lastKnownFileType = sourcecode.c.h; path = AQXMLParserWithTimeout.h; sourceTree = "<group>"; };
		64E1076515D34C2C00DEB47F /* AQXMLParserWithTimeout.m */ = {isa = PBXFileReference; fileEncoding = 4; lastKnownFileType = sourcecode.c.objc; path = AQXMLParserWithTimeout.m; sourceTree = "<group>"; };
		8DD76FA10486AA7600D96B5E /* ParserComparison */ = {isa = PBXFileReference; explicitFileType = "compiled.mach-o.executable"; includeInIndex = 0; path = ParserComparison; sourceTree = BUILT_PRODUCTS_DIR; };
		C6859EA3029092ED04C91782 /* ParserComparison.1 */ = {isa = PBXFileReference; lastKnownFileType = text.man; path = ParserComparison.1; sourceTree = "<group>"; };
/* End PBXFileReference section */

/* Begin PBXFrameworksBuildPhase section */
		8DD76F9B0486AA7600D96B5E /* Frameworks */ = {
			isa = PBXFrameworksBuildPhase;
			buildActionMask = 2147483647;
			files = (
				8DD76F9C0486AA7600D96B5E /* Foundation.framework in Frameworks */,
				388BDFA90F8ACD09004A22FD /* libxml2.dylib in Frameworks */,
				388BDFBD0F8ACDF8004A22FD /* CoreServices.framework in Frameworks */,
			);
			runOnlyForDeploymentPostprocessing = 0;
		};
/* End PBXFrameworksBuildPhase section */

/* Begin PBXGroup section */
		08FB7794FE84155DC02AAC07 /* ParserComparison */ = {
			isa = PBXGroup;
			children = (
				08FB7795FE84155DC02AAC07 /* Source */,
				C6859EA2029092E104C91782 /* Documentation */,
				08FB779DFE84155DC02AAC07 /* External Frameworks and Libraries */,
				1AB674ADFE9D54B511CA2CBB /* Products */,
			);
			name = ParserComparison;
			sourceTree = "<group>";
		};
		08FB7795FE84155DC02AAC07 /* Source */ = {
			isa = PBXGroup;
			children = (
				64E1075315D34C1B00DEB47F /* b64.h */,
				64E1075415D34C1B00DEB47F /* b64.m */,
				64E1075515D34C1B00DEB47F /* NSData+Base64.h */,
				64E1075615D34C1B00DEB47F /* NSData+Base64.m */,
				64E1075715D34C1B00DEB47F /* NSError+CFStreamError.h */,
				64E1075815D34C1B00DEB47F /* NSError+CFStreamError.m */,
				64E1075915D34C1B00DEB47F /* NSObject+Properties.h */,
				64E1075A15D34C1B00DEB47F /* NSObject+Properties.m */,
				64E1075B15D34C1B00DEB47F /* NSString+PropertyKVC.h */,
				64E1075C15D34C1B00DEB47F /* NSString+PropertyKVC.m */,
				64E1074915D34C0800DEB47F /* HTTPAuthentication.h */,
				64E1074A15D34C0800DEB47F /* HTTPAuthentication.m */,
				64E1074B15D34C0800DEB47F /* HTTPMessage.h */,
				64E1074C15D34C0800DEB47F /* HTTPMessage.m */,
				64E1074D15D34C0800DEB47F /* HTTPMessageInternalAccess.h */,
				64E1074E15D34C0800DEB47F /* NSStream+HTTPMessage.h */,
				64E1074F15D34C0800DEB47F /* NSStream+HTTPMessage.m */,
				3824D5860FBF3A5F00F8E12D /* iPhoneNonatomic.h */,
				388BDEFB0F8AAD12004A22FD /* StreamingXMLParser */,
				32A70AAB03705E1F00C91783 /* ParserComparison_Prefix.pch */,
				08FB7796FE84155DC02AAC07 /* ParserComparison.m */,
				388BDEFF0F8AAD5F004A22FD /* MemoryUsageLogger.h */,
				388BDF000F8AAD5F004A22FD /* MemoryUsageLogger.m */,
			);
			name = Source;
			sourceTree = "<group>";
		};
		08FB779DFE84155DC02AAC07 /* External Frameworks and Libraries */ = {
			isa = PBXGroup;
			children = (
				08FB779EFE84155DC02AAC07 /* Foundation.framework */,
				388BDFBC0F8ACDF8004A22FD /* CoreServices.framework */,
				388BDFA80F8ACD09004A22FD /* libxml2.dylib */,
			);
			name = "External Frameworks and Libraries";
			sourceTree = "<group>";
		};
		1AB674ADFE9D54B511CA2CBB /* Products */ = {
			isa = PBXGroup;
			children = (
				8DD76FA10486AA7600D96B5E /* ParserComparison */,
			);
			name = Products;
			sourceTree = "<group>";
		};
		388BDEFB0F8AAD12004A22FD /* StreamingXMLParser */ = {
			isa = PBXGroup;
			children = (
				64E1076215D34C2C00DEB47F /* AQXMLParserInternal.h */,
				64E1076315D34C2C00DEB47F /* AQXMLParserInternal.m */,
				64E1076415D34C2C00DEB47F /* AQXMLParserWithTimeout.h */,
				64E1076515D34C2C00DEB47F /* AQXMLParserWithTimeout.m */,
				388BDEFC0F8AAD12004A22FD /* AQXMLParser.h */,
				388BDEFD0F8AAD12004A22FD /* AQXMLParser.m */,
				388BDF190F8AC591004A22FD /* AQXMLParserDelegate.h */,
				388BDF1A0F8AC591004A22FD /* AQXMLParserDelegate.m */,
			);
			name = StreamingXMLParser;
			path = ../../StreamingXMLParser;
			sourceTree = SOURCE_ROOT;
		};
		C6859EA2029092E104C91782 /* Documentation */ = {
			isa = PBXGroup;
			children = (
				C6859EA3029092ED04C91782 /* ParserComparison.1 */,
			);
			name = Documentation;
			sourceTree = "<group>";
		};
/* End PBXGroup section */

/* Begin PBXNativeTarget section */
		8DD76F960486AA7600D96B5E /* ParserComparison */ = {
			isa = PBXNativeTarget;
			buildConfigurationList = 1DEB927408733DD40010E9CD /* Build configuration list for PBXNativeTarget "ParserComparison" */;
			buildPhases = (
				8DD76F990486AA7600D96B5E /* Sources */,
				8DD76F9B0486AA7600D96B5E /* Frameworks */,
				8DD76F9E0486AA7600D96B5E /* CopyFiles */,
			);
			buildRules = (
			);
			dependencies = (
			);
			name = ParserComparison;
			productInstallPath = "$(HOME)/bin";
			productName = ParserComparison;
			productReference = 8DD76FA10486AA7600D96B5E /* ParserComparison */;
			productType = "com.apple.product-type.tool";
		};
/* End PBXNativeTarget section */

/* Begin PBXProject section */
		08FB7793FE84155DC02AAC07 /* Project object */ = {
			isa = PBXProject;
			buildConfigurationList = 1DEB927808733DD40010E9CD /* Build configuration list for PBXProject "ParserComparison" */;
			compatibilityVersion = "Xcode 3.1";
			developmentRegion = English;
			hasScannedForEncodings = 1;
			knownRegions = (
				en,
			);
			mainGroup = 08FB7794FE84155DC02AAC07 /* ParserComparison */;
			projectDirPath = "";
			projectRoot = "";
			targets = (
				8DD76F960486AA7600D96B5E /* ParserComparison */,
			);
		};
/* End PBXProject section */

/* Begin PBXSourcesBuildPhase section */
		8DD76F990486AA7600D96B5E /* Sources */ = {
			isa = PBXSourcesBuildPhase;
			buildActionMask = 2147483647;
			files = (
				8DD76F9A0486AA7600D96B5E /* ParserComparison.m in Sources */,
				388BDEFE0F8AAD12004A22FD /* AQXMLParser.m in Sources */,
				388BDF010F8AAD5F004A22FD /* MemoryUsageLogger.m in Sources */,
				388BDF1B0F8AC591004A22FD /* AQXMLParserDelegate.m in Sources */,
				64E1075015D34C0800DEB47F /* HTTPAuthentication.m in Sources */,
				64E1075115D34C0800DEB47F /* HTTPMessage.m in Sources */,
				64E1075215D34C0800DEB47F /* NSStream+HTTPMessage.m in Sources */,
				64E1075D15D34C1B00DEB47F /* b64.m in Sources */,
				64E1075E15D34C1B00DEB47F /* NSData+Base64.m in Sources */,
				64E1075F15D34C1B00DEB47F /* NSError+CFStreamError.m in Sources */,
				64E1076015D34C1B00DEB47F /* NSObject+Properties.m in Sources */,
				64E1076115D34C1B00DEB47F /* NSString+PropertyKVC.m in Sources */,
				64E1076615D34C2C00DEB47F /* AQXMLParserInternal.m in Sources */,
				64E1076715D34C2C00DEB47F /* AQXMLParserWithTimeout.m in Sources */,
			);
			runOnlyForDeploymentPostprocessing = 0;
		};
/* End PBXSourcesBuildPhase section */

/* Begin XCBuildConfiguration section */
		1DEB927508733DD40010E9CD /* Debug */ = {
			isa = XCBuildConfiguration;
			buildSettings = {
				ALWAYS_SEARCH_USER_PATHS = NO;
				ARCHS = "$(ARCHS_STANDARD_64_BIT)";
				COPY_PHASE_STRIP = NO;
				GCC_DYNAMIC_NO_PIC = NO;
				GCC_ENABLE_FIX_AND_CONTINUE = YES;
				GCC_MODEL_TUNING = G5;
				GCC_OPTIMIZATION_LEVEL = 0;
				GCC_PRECOMPILE_PREFIX_HEADER = YES;
				GCC_PREFIX_HEADER = ParserComparison_Prefix.pch;
				INSTALL_PATH = /usr/local/bin;
				PRODUCT_NAME = ParserComparison;
			};
			name = Debug;
		};
		1DEB927608733DD40010E9CD /* Release */ = {
			isa = XCBuildConfiguration;
			buildSettings = {
				ALWAYS_SEARCH_USER_PATHS = NO;
				ARCHS = "$(ARCHS_STANDARD_64_BIT)";
				DEBUG_INFORMATION_FORMAT = "dwarf-with-dsym";
				GCC_MODEL_TUNING = G5;
				GCC_PRECOMPILE_PREFIX_HEADER = YES;
				GCC_PREFIX_HEADER = ParserComparison_Prefix.pch;
				INSTALL_PATH = /usr/local/bin;
				PRODUCT_NAME = ParserComparison;
			};
			name = Release;
		};
		1DEB927908733DD40010E9CD /* Debug */ = {
			isa = XCBuildConfiguration;
			buildSettings = {
				ARCHS = "$(ARCHS_STANDARD_32_BIT)";
				GCC_C_LANGUAGE_STANDARD = c99;
				GCC_OPTIMIZATION_LEVEL = 0;
				GCC_VERSION = com.apple.compilers.llvm.clang.1_0;
				GCC_WARN_ABOUT_RETURN_TYPE = YES;
				GCC_WARN_UNUSED_VARIABLE = YES;
				HEADER_SEARCH_PATHS = /usr/include/libxml2;
				ONLY_ACTIVE_ARCH = YES;
				PREBINDING = NO;
				SDKROOT = macosx;
			};
			name = Debug;
		};
		1DEB927A08733DD40010E9CD /* Release */ = {
			isa = XCBuildConfiguration;
			buildSettings = {
				ARCHS = "$(ARCHS_STANDARD_32_64_BIT)";
				GCC_C_LANGUAGE_STANDARD = c99;
				GCC_VERSION = com.apple.compilers.llvm.clang.1_0;
				GCC_WARN_ABOUT_RETURN_TYPE = YES;
				GCC_WARN_UNUSED_VARIABLE = YES;
				HEADER_SEARCH_PATHS = /usr/include/libxml2;
				PREBINDING = NO;
				SDKROOT = macosx;
			};
			name = Release;
		};
/* End XCBuildConfiguration section */

/* Begin XCConfigurationList section */
		1DEB927408733DD40010E9CD /* Build configuration list for PBXNativeTarget "ParserComparison" */ = {
			isa = XCConfigurationList;
			buildConfigurations = (
				1DEB927508733DD40010E9CD /* Debug */,
				1DEB927608733DD40010E9CD /* Release */,
			);
			defaultConfigurationIsVisible = 0;
			defaultConfigurationName = Release;
		};
		1DEB927808733DD40010E9CD /* Build configuration list for PBXProject "ParserComparison" */ = {
			isa = XCConfigurationList;
			buildConfigurations = (
				1DEB927908733DD40010E9CD /* Debug */,
				1DEB927A08733DD40010E9CD /* Release */,
			);
			defaultConfigurationIsVisible = 0;
			defaultConfigurationName = Release;
		};
/* End XCConfigurationList section */
	};
	rootObject = 08FB7793FE84155DC02AAC07 /* Project object */;
}
